
Microsoft Visual Studio Solution File, Format Version 12.00
# Visual Studio 2013
VisualStudioVersion = 12.0.31101.0
MinimumVisualStudioVersion = 12.0.31101.0
Project("{FAE04EC0-301F-11D3-BF4B-00C04F79EFBC}") = "JsonBenchmark", "src\JsonBenchmark\JsonBenchmark.csproj", "{17EC761F-A044-4D4F-BFDB-50D2588C43B5}"
EndProject
Global
	GlobalSection(SolutionConfigurationPlatforms) = preSolution
		Debug|Any CPU = Debug|Any CPU
		Release|Any CPU = Release|Any CPU
	EndGlobalSection
	GlobalSection(ProjectConfigurationPlatforms) = postSolution
		{17EC761F-A044-4D4F-BFDB-50D2588C43B5}.Debug|Any CPU.ActiveCfg = Debug|Any CPU
		{17EC761F-A044-4D4F-BFDB-50D2588C43B5}.Debug|Any CPU.Build.0 = Debug|Any CPU
		{17EC761F-A044-4D4F-BFDB-50D2588C43B5}.Release|Any CPU.ActiveCfg = Release|Any CPU
		{17EC761F-A044-4D4F-BFDB-50D2588C43B5}.Release|Any CPU.Build.0 = Release|Any CPU
	EndGlobalSection
	GlobalSection(SolutionProperties) = preSolution
		HideSolutionNode = FALSE
	EndGlobalSection
EndGlobal
